
Microsoft Visual Studio Solution File, Format Version 12.00
# Visual Studio Version 17
VisualStudioVersion = 17.0.32112.339
MinimumVisualStudioVersion = 10.0.40219.1
Project("{FAE04EC0-301F-11D3-BF4B-00C04F79EFBC}") = "Shortest Route To Self", "Shortest Route To Self\Shortest Route To Self.csproj", "{BC1740A2-8563-4C8E-88D2-7A53DECB7578}"
EndProject
Global
	GlobalSection(SolutionConfigurationPlatforms) = preSolution
		Debug|Any CPU = Debug|Any CPU
		Release|Any CPU = Release|Any CPU
	EndGlobalSection
	GlobalSection(ProjectConfigurationPlatforms) = postSolution
		{BC1740A2-8563-4C8E-88D2-7A53DECB7578}.Debug|Any CPU.ActiveCfg = Debug|Any CPU
		{BC1740A2-8563-4C8E-88D2-7A53DECB7578}.Debug|Any CPU.Build.0 = Debug|Any CPU
		{BC1740A2-8563-4C8E-88D2-7A53DECB7578}.Release|Any CPU.ActiveCfg = Release|Any CPU
		{BC1740A2-8563-4C8E-88D2-7A53DECB7578}.Release|Any CPU.Build.0 = Release|Any CPU
	EndGlobalSection
	GlobalSection(SolutionProperties) = preSolution
		HideSolutionNode = FALSE
	EndGlobalSection
	GlobalSection(ExtensibilityGlobals) = postSolution
		SolutionGuid = {3F996F25-873F-4A22-ADD9-C81988D4A65B}
	EndGlobalSection
EndGlobal
